
Microsoft Visual Studio Solution File, Format Version 12.00
# Visual Studio Version 17
VisualStudioVersion = 17.4.33213.308
MinimumVisualStudioVersion = 10.0.40219.1
Project("{FAE04EC0-301F-11D3-BF4B-00C04F79EFBC}") = "Modern Appliances", "Modern Appliances\Modern Appliances.csproj", "{1429F530-143C-4C0C-A17A-ACF1061FCCF1}"
EndProject
Global
	GlobalSection(SolutionConfigurationPlatforms) = preSolution
		Debug|Any CPU = Debug|Any CPU
		Release|Any CPU = Release|Any CPU
	EndGlobalSection
	GlobalSection(ProjectConfigurationPlatforms) = postSolution
		{1429F530-143C-4C0C-A17A-ACF1061FCCF1}.Debug|Any CPU.ActiveCfg = Debug|Any CPU
		{1429F530-143C-4C0C-A17A-ACF1061FCCF1}.Debug|Any CPU.Build.0 = Debug|Any CPU
		{1429F530-143C-4C0C-A17A-ACF1061FCCF1}.Release|Any CPU.ActiveCfg = Release|Any CPU
		{1429F530-143C-4C0C-A17A-ACF1061FCCF1}.Release|Any CPU.Build.0 = Release|Any CPU
	EndGlobalSection
	GlobalSection(SolutionProperties) = preSolution
		HideSolutionNode = FALSE
	EndGlobalSection
	GlobalSection(ExtensibilityGlobals) = postSolution
		SolutionGuid = {B6850090-5614-41BE-95F4-7CC23C5A0F58}
	EndGlobalSection
EndGlobal
